
Microsoft Visual Studio Solution File, Format Version 12.00
# Visual Studio 15
VisualStudioVersion = 15.0.28307.1145
MinimumVisualStudioVersion = 10.0.40219.1
Project("{FAE04EC0-301F-11D3-BF4B-00C04F79EFBC}") = "Profit Calculator", "Profit Calculator\Profit Calculator.csproj", "{29678907-3AAA-4E70-B50A-97C2E2B31229}"
EndProject
Global
	GlobalSection(SolutionConfigurationPlatforms) = preSolution
		Debug|Any CPU = Debug|Any CPU
		Release|Any CPU = Release|Any CPU
	EndGlobalSection
	GlobalSection(ProjectConfigurationPlatforms) = postSolution
		{29678907-3AAA-4E70-B50A-97C2E2B31229}.Debug|Any CPU.ActiveCfg = Debug|Any CPU
		{29678907-3AAA-4E70-B50A-97C2E2B31229}.Debug|Any CPU.Build.0 = Debug|Any CPU
		{29678907-3AAA-4E70-B50A-97C2E2B31229}.Release|Any CPU.ActiveCfg = Release|Any CPU
		{29678907-3AAA-4E70-B50A-97C2E2B31229}.Release|Any CPU.Build.0 = Release|Any CPU
	EndGlobalSection
	GlobalSection(SolutionProperties) = preSolution
		HideSolutionNode = FALSE
	EndGlobalSection
	GlobalSection(ExtensibilityGlobals) = postSolution
		SolutionGuid = {AF8F59F9-F416-4D46-8610-1455BC0432A5}
	EndGlobalSection
EndGlobal
